
Microsoft Visual Studio Solution File, Format Version 12.00
# Visual Studio 2013
VisualStudioVersion = 12.0.30723.0
MinimumVisualStudioVersion = 10.0.40219.1
Project("{F2A71F9B-5D33-465A-A702-920D77279786}") = "Schmancy", "src\Schmancy\Schmancy.fsproj", "{D7258DF5-FF00-49BC-A0BF-484A671390E3}"
EndProject
Project("{2150E333-8FDC-42A3-9474-1A3956D46DE8}") = "Build Tools", "Build Tools", "{0CEDE8D3-03A2-4DCB-8783-DAE326DA3645}"
	ProjectSection(SolutionItems) = preProject
		BuildTools\build.fsx = BuildTools\build.fsx
		BuildTools\config.fsx = BuildTools\config.fsx
		BuildTools\test.fsx = BuildTools\test.fsx
		BuildTools\userInput.fsx = BuildTools\userInput.fsx
	EndProjectSection
EndProject
Project("{2150E333-8FDC-42A3-9474-1A3956D46DE8}") = "Tests", "Tests", "{CDD301A1-C09E-4DA2-B964-9D9B6CAFE7F2}"
EndProject
Project("{F2A71F9B-5D33-465A-A702-920D77279786}") = "Schmancy.Tests", "test\Schmancy.Tests\Schmancy.Tests.fsproj", "{6BDB4920-7FD5-4C3E-9265-D0EAC79F76CF}"
EndProject
Project("{2150E333-8FDC-42A3-9474-1A3956D46DE8}") = ".nuget", ".nuget", "{63905C16-E886-48E2-8901-8AF83723338C}"
	ProjectSection(SolutionItems) = preProject
		.nuget\NuGet.Config = .nuget\NuGet.Config
		.nuget\NuGet.exe = .nuget\NuGet.exe
		.nuget\NuGet.targets = .nuget\NuGet.targets
	EndProjectSection
EndProject
Global
	GlobalSection(SolutionConfigurationPlatforms) = preSolution
		Debug|Any CPU = Debug|Any CPU
		Release|Any CPU = Release|Any CPU
	EndGlobalSection
	GlobalSection(ProjectConfigurationPlatforms) = postSolution
		{D7258DF5-FF00-49BC-A0BF-484A671390E3}.Debug|Any CPU.ActiveCfg = Debug|Any CPU
		{D7258DF5-FF00-49BC-A0BF-484A671390E3}.Debug|Any CPU.Build.0 = Debug|Any CPU
		{D7258DF5-FF00-49BC-A0BF-484A671390E3}.Release|Any CPU.ActiveCfg = Release|Any CPU
		{D7258DF5-FF00-49BC-A0BF-484A671390E3}.Release|Any CPU.Build.0 = Release|Any CPU
		{6BDB4920-7FD5-4C3E-9265-D0EAC79F76CF}.Debug|Any CPU.ActiveCfg = Debug|Any CPU
		{6BDB4920-7FD5-4C3E-9265-D0EAC79F76CF}.Debug|Any CPU.Build.0 = Debug|Any CPU
		{6BDB4920-7FD5-4C3E-9265-D0EAC79F76CF}.Release|Any CPU.ActiveCfg = Release|Any CPU
		{6BDB4920-7FD5-4C3E-9265-D0EAC79F76CF}.Release|Any CPU.Build.0 = Release|Any CPU
	EndGlobalSection
	GlobalSection(SolutionProperties) = preSolution
		HideSolutionNode = FALSE
	EndGlobalSection
	GlobalSection(NestedProjects) = preSolution
		{6BDB4920-7FD5-4C3E-9265-D0EAC79F76CF} = {CDD301A1-C09E-4DA2-B964-9D9B6CAFE7F2}
	EndGlobalSection
EndGlobal
